<?xml version="1.0" encoding="utf-8"?>
<Project ToolsVersion="4.0" xmlns="http://schemas.microsoft.com/developer/msbuild/2003">
  <ItemGroup>
    <Filter Include="소스 파일">
      <UniqueIdentifier>{4FC737F1-C7A5-4376-A066-2A32D752A2FF}</UniqueIdentifier>
      <Extensions>cpp;c;cc;cxx;c++;cppm;ixx;def;odl;idl;hpj;bat;asm;asmx</Extensions>
    </Filter>
    <Filter Include="헤더 파일">
      <UniqueIdentifier>{93995380-89BD-4b04-88EB-625FBE52EBFB}</UniqueIdentifier>
      <Extensions>h;hh;hpp;hxx;h++;hm;inl;inc;ipp;xsd</Extensions>
    </Filter>
    <Filter Include="리소스 파일">
      <UniqueIdentifier>{67DA6AB6-F800-4c08-8B7A-83BB121AAD01}</UniqueIdentifier>
      <Extensions>rc;ico;cur;bmp;dlg;rc2;rct;bin;rgs;gif;jpg;jpeg;jpe;resx;tiff;tif;png;wav;mfcribbon-ms</Extensions>
    </Filter>
    <Filter Include="헤더 파일\Struct">
      <UniqueIdentifier>{5a9aaf87-7547-4b6d-ae82-febc47bd84b4}</UniqueIdentifier>
    </Filter>
    <Filter Include="헤더 파일\List">
      <UniqueIdentifier>{7f798fcc-b4b4-4689-97e0-ce27581bacec}</UniqueIdentifier>
    </Filter>
    <Filter Include="헤더 파일\Queue">
      <UniqueIdentifier>{88b823f2-a27a-4bd3-b505-a7ae1a890d84}</UniqueIdentifier>
    </Filter>
  </ItemGroup>
  <ItemGroup>
    <ClCompile Include="src.c">
      <Filter>소스 파일</Filter>
    </ClCompile>
    <ClCompile Include="List.c">
      <Filter>헤더 파일\List</Filter>
    </ClCompile>
    <ClCompile Include="Queue.c">
      <Filter>헤더 파일\Queue</Filter>
    </ClCompile>
  </ItemGroup>
  <ItemGroup>
    <ClInclude Include="Node.h">
      <Filter>헤더 파일\Struct</Filter>
    </ClInclude>
    <ClInclude Include="List.h">
      <Filter>헤더 파일\List</Filter>
    </ClInclude>
    <ClInclude Include="Queue.h">
      <Filter>헤더 파일\Queue</Filter>
    </ClInclude>
  </ItemGroup>
</Project>