<?xml version="1.0" encoding="utf-8"?>
<Project ToolsVersion="4.0" xmlns="http://schemas.microsoft.com/developer/msbuild/2003">
  <ItemGroup>
    <ClCompile Include="List.cpp">
      <Filter>헤더 파일\List</Filter>
    </ClCompile>
    <ClCompile Include="src.cpp">
      <Filter>소스 파일</Filter>
    </ClCompile>
  </ItemGroup>
  <ItemGroup>
    <ClInclude Include="Node.h">
      <Filter>헤더 파일\Struct</Filter>
    </ClInclude>
    <ClInclude Include="List.h">
      <Filter>헤더 파일\List</Filter>
    </ClInclude>
  </ItemGroup>
  <ItemGroup>
    <Filter Include="리소스 파일">
      <UniqueIdentifier>{698e4fc5-3401-4af8-9060-7d75b719a714}</UniqueIdentifier>
    </Filter>
    <Filter Include="소스 파일">
      <UniqueIdentifier>{fd1789bf-85f3-4b09-9eec-1d7ef97c61f1}</UniqueIdentifier>
    </Filter>
    <Filter Include="헤더 파일">
      <UniqueIdentifier>{72938d52-3bc6-4ca4-a185-ba0a2c97dc16}</UniqueIdentifier>
    </Filter>
    <Filter Include="헤더 파일\List">
      <UniqueIdentifier>{7837780b-a4fd-41ae-9ba2-dd9008b9efe2}</UniqueIdentifier>
    </Filter>
    <Filter Include="헤더 파일\Struct">
      <UniqueIdentifier>{4b1a197a-e767-419d-b04c-3faedd408efe}</UniqueIdentifier>
    </Filter>
  </ItemGroup>
</Project>